
Microsoft Visual Studio Solution File, Format Version 12.00
# Visual Studio Version 16
VisualStudioVersion = 16.0.31624.102
MinimumVisualStudioVersion = 10.0.40219.1
Project("{FAE04EC0-301F-11D3-BF4B-00C04F79EFBC}") = "NETD-LAB2", "NETD-LAB2.csproj", "{5090913B-119A-4A26-B1D8-64159788DFC9}"
EndProject
Global
	GlobalSection(SolutionConfigurationPlatforms) = preSolution
		Debug|Any CPU = Debug|Any CPU
		Release|Any CPU = Release|Any CPU
	EndGlobalSection
	GlobalSection(ProjectConfigurationPlatforms) = postSolution
		{5090913B-119A-4A26-B1D8-64159788DFC9}.Debug|Any CPU.ActiveCfg = Debug|Any CPU
		{5090913B-119A-4A26-B1D8-64159788DFC9}.Debug|Any CPU.Build.0 = Debug|Any CPU
		{5090913B-119A-4A26-B1D8-64159788DFC9}.Release|Any CPU.ActiveCfg = Release|Any CPU
		{5090913B-119A-4A26-B1D8-64159788DFC9}.Release|Any CPU.Build.0 = Release|Any CPU
	EndGlobalSection
	GlobalSection(SolutionProperties) = preSolution
		HideSolutionNode = FALSE
	EndGlobalSection
	GlobalSection(ExtensibilityGlobals) = postSolution
		SolutionGuid = {0685BEA6-AB2C-4D2C-8ECA-9E111E96366A}
	EndGlobalSection
EndGlobal
